
Microsoft Visual Studio Solution File, Format Version 12.00
# Visual Studio Version 17
VisualStudioVersion = 17.5.33424.131
MinimumVisualStudioVersion = 10.0.40219.1
Project("{2150E333-8FDC-42A3-9474-1A3956D46DE8}") = "src", "src", "{8F8DFDA1-E5A7-4D08-8B40-E07BDA6BD995}"
EndProject
Project("{9A19103F-16F7-4668-BE54-9A1E7A4F7556}") = "Api", "src\Api\Api.csproj", "{8C938771-8921-46BC-8231-BCDF83FBA38C}"
EndProject
Project("{2150E333-8FDC-42A3-9474-1A3956D46DE8}") = "Solution Items", "Solution Items", "{9AFCCB3F-69D5-4206-BDB2-0214E3E1780F}"
	ProjectSection(SolutionItems) = preProject
		.gitattributes = .gitattributes
		.gitignore = .gitignore
		LICENSE.txt = LICENSE.txt
	EndProjectSection
EndProject
Global
	GlobalSection(SolutionConfigurationPlatforms) = preSolution
		Debug|Any CPU = Debug|Any CPU
		Release|Any CPU = Release|Any CPU
	EndGlobalSection
	GlobalSection(ProjectConfigurationPlatforms) = postSolution
		{8C938771-8921-46BC-8231-BCDF83FBA38C}.Debug|Any CPU.ActiveCfg = Debug|Any CPU
		{8C938771-8921-46BC-8231-BCDF83FBA38C}.Debug|Any CPU.Build.0 = Debug|Any CPU
		{8C938771-8921-46BC-8231-BCDF83FBA38C}.Release|Any CPU.ActiveCfg = Release|Any CPU
		{8C938771-8921-46BC-8231-BCDF83FBA38C}.Release|Any CPU.Build.0 = Release|Any CPU
	EndGlobalSection
	GlobalSection(SolutionProperties) = preSolution
		HideSolutionNode = FALSE
	EndGlobalSection
	GlobalSection(NestedProjects) = preSolution
		{8C938771-8921-46BC-8231-BCDF83FBA38C} = {8F8DFDA1-E5A7-4D08-8B40-E07BDA6BD995}
	EndGlobalSection
	GlobalSection(ExtensibilityGlobals) = postSolution
		SolutionGuid = {4BCDF627-792D-426B-87F7-C56A45AE86CF}
	EndGlobalSection
EndGlobal
